
Microsoft Visual Studio Solution File, Format Version 12.00
# Visual Studio Version 17
VisualStudioVersion = 17.5.33627.172
MinimumVisualStudioVersion = 10.0.40219.1
Project("{FAE04EC0-301F-11D3-BF4B-00C04F79EFBC}") = "BlazorAuthenticationJwtNet6.Server", "BlazorAuthenticationJwtNet6\Server\BlazorAuthenticationJwtNet6.Server.csproj", "{61C19EA1-5129-427C-88F8-CFD4A746DE4B}"
EndProject
Project("{FAE04EC0-301F-11D3-BF4B-00C04F79EFBC}") = "BlazorAuthenticationJwtNet6.Client", "BlazorAuthenticationJwtNet6\Client\BlazorAuthenticationJwtNet6.Client.csproj", "{A7100669-5D3C-457B-8C5C-8887C134B579}"
EndProject
Project("{FAE04EC0-301F-11D3-BF4B-00C04F79EFBC}") = "BlazorAuthenticationJwtNet6.Shared", "BlazorAuthenticationJwtNet6\Shared\BlazorAuthenticationJwtNet6.Shared.csproj", "{D1C7EBF9-E7EB-4E2A-A0E6-F5FCC073EFAD}"
EndProject
Global
	GlobalSection(SolutionConfigurationPlatforms) = preSolution
		Debug|Any CPU = Debug|Any CPU
		Release|Any CPU = Release|Any CPU
	EndGlobalSection
	GlobalSection(ProjectConfigurationPlatforms) = postSolution
		{61C19EA1-5129-427C-88F8-CFD4A746DE4B}.Debug|Any CPU.ActiveCfg = Debug|Any CPU
		{61C19EA1-5129-427C-88F8-CFD4A746DE4B}.Debug|Any CPU.Build.0 = Debug|Any CPU
		{61C19EA1-5129-427C-88F8-CFD4A746DE4B}.Release|Any CPU.ActiveCfg = Release|Any CPU
		{61C19EA1-5129-427C-88F8-CFD4A746DE4B}.Release|Any CPU.Build.0 = Release|Any CPU
		{A7100669-5D3C-457B-8C5C-8887C134B579}.Debug|Any CPU.ActiveCfg = Debug|Any CPU
		{A7100669-5D3C-457B-8C5C-8887C134B579}.Debug|Any CPU.Build.0 = Debug|Any CPU
		{A7100669-5D3C-457B-8C5C-8887C134B579}.Release|Any CPU.ActiveCfg = Release|Any CPU
		{A7100669-5D3C-457B-8C5C-8887C134B579}.Release|Any CPU.Build.0 = Release|Any CPU
		{D1C7EBF9-E7EB-4E2A-A0E6-F5FCC073EFAD}.Debug|Any CPU.ActiveCfg = Debug|Any CPU
		{D1C7EBF9-E7EB-4E2A-A0E6-F5FCC073EFAD}.Debug|Any CPU.Build.0 = Debug|Any CPU
		{D1C7EBF9-E7EB-4E2A-A0E6-F5FCC073EFAD}.Release|Any CPU.ActiveCfg = Release|Any CPU
		{D1C7EBF9-E7EB-4E2A-A0E6-F5FCC073EFAD}.Release|Any CPU.Build.0 = Release|Any CPU
	EndGlobalSection
	GlobalSection(SolutionProperties) = preSolution
		HideSolutionNode = FALSE
	EndGlobalSection
	GlobalSection(ExtensibilityGlobals) = postSolution
		SolutionGuid = {423F156C-BA03-47D4-90DF-5228F05A4FD1}
	EndGlobalSection
EndGlobal
